
Microsoft Visual Studio Solution File, Format Version 12.00
# Visual Studio 2012
Project("{FAE04EC0-301F-11D3-BF4B-00C04F79EFBC}") = "iLynx.Common", "iLynx.Common\iLynx.Common.csproj", "{1241AC19-9872-4126-8915-3A34919E1705}"
EndProject
Project("{FAE04EC0-301F-11D3-BF4B-00C04F79EFBC}") = "iLynx.Common.WPF", "iLynx.Common.WPF\iLynx.Common.WPF.csproj", "{569111CC-D436-46E5-BE9E-32B1BAD1B950}"
EndProject
Project("{FAE04EC0-301F-11D3-BF4B-00C04F79EFBC}") = "iLynx.TestBench", "iLynx.TestBench\iLynx.TestBench.csproj", "{B36EEA40-2004-40D0-A1A9-59647B54DC70}"
EndProject
Project("{FAE04EC0-301F-11D3-BF4B-00C04F79EFBC}") = "iLynx.Networking", "iLynx.Networking\iLynx.Networking.csproj", "{FD13EB83-1471-4B59-9FCE-75AB804A0A3F}"
EndProject
Project("{FAE04EC0-301F-11D3-BF4B-00C04F79EFBC}") = "iLynx.PubSub", "iLynx.PubSub\iLynx.PubSub.csproj", "{DF55B984-7E5E-447C-9D68-D93F9FB0C227}"
EndProject
Project("{2150E333-8FDC-42A3-9474-1A3956D46DE8}") = "Chatter", "Chatter", "{A1A937AE-7D1B-4B9E-BF65-4CF517523596}"
EndProject
Project("{FAE04EC0-301F-11D3-BF4B-00C04F79EFBC}") = "iLynx.Chatter.Infrastructure", "iLynx.Chatter.Infrastructure\iLynx.Chatter.Infrastructure.csproj", "{ED0CB42A-7D74-4AE4-99FE-6EDC3B8C4143}"
EndProject
Project("{FAE04EC0-301F-11D3-BF4B-00C04F79EFBC}") = "iLynx.Chatter.Client", "iLynx.Chatter.Client\iLynx.Chatter.Client.csproj", "{F3DD69F8-A732-429C-BDF6-3D0F93D3DC75}"
	ProjectSection(ProjectDependencies) = postProject
		{54DDF932-AE22-4EE0-A261-97D800E959B8} = {54DDF932-AE22-4EE0-A261-97D800E959B8}
		{3ADE8D8F-3708-43C7-B88D-E77AA96BFAF5} = {3ADE8D8F-3708-43C7-B88D-E77AA96BFAF5}
		{295D0CA4-AB32-4523-9CC5-AC99E3E48F8A} = {295D0CA4-AB32-4523-9CC5-AC99E3E48F8A}
	EndProjectSection
EndProject
Project("{FAE04EC0-301F-11D3-BF4B-00C04F79EFBC}") = "iLynx.Chatter.AuthenticationModule", "iLynx.Chatter.PasswordAuth\iLynx.Chatter.AuthenticationModule.csproj", "{54DDF932-AE22-4EE0-A261-97D800E959B8}"
EndProject
Project("{FAE04EC0-301F-11D3-BF4B-00C04F79EFBC}") = "iLynx.Chatter.Server", "iLynx.Chatter.Server\iLynx.Chatter.Server.csproj", "{F2E8985F-F289-4849-88DA-B9D9D417B168}"
	ProjectSection(ProjectDependencies) = postProject
		{E4945414-F5FE-46FA-A5FE-D00D7A067F21} = {E4945414-F5FE-46FA-A5FE-D00D7A067F21}
		{54DDF932-AE22-4EE0-A261-97D800E959B8} = {54DDF932-AE22-4EE0-A261-97D800E959B8}
		{56057B48-A342-4EDC-8F03-3C339B4B8DB2} = {56057B48-A342-4EDC-8F03-3C339B4B8DB2}
		{3ADE8D8F-3708-43C7-B88D-E77AA96BFAF5} = {3ADE8D8F-3708-43C7-B88D-E77AA96BFAF5}
	EndProjectSection
EndProject
Project("{FAE04EC0-301F-11D3-BF4B-00C04F79EFBC}") = "iLynx.Tests", "iLynx.Tests\iLynx.Tests.csproj", "{15870CDC-8294-43C8-BA39-88E1B3A5C6C1}"
	ProjectSection(ProjectDependencies) = postProject
		{E4945414-F5FE-46FA-A5FE-D00D7A067F21} = {E4945414-F5FE-46FA-A5FE-D00D7A067F21}
		{ED0CB42A-7D74-4AE4-99FE-6EDC3B8C4143} = {ED0CB42A-7D74-4AE4-99FE-6EDC3B8C4143}
		{54DDF932-AE22-4EE0-A261-97D800E959B8} = {54DDF932-AE22-4EE0-A261-97D800E959B8}
		{B36EEA40-2004-40D0-A1A9-59647B54DC70} = {B36EEA40-2004-40D0-A1A9-59647B54DC70}
		{56057B48-A342-4EDC-8F03-3C339B4B8DB2} = {56057B48-A342-4EDC-8F03-3C339B4B8DB2}
		{E488D852-E94C-472E-AB74-DC0E9B5C42B7} = {E488D852-E94C-472E-AB74-DC0E9B5C42B7}
		{F2E8985F-F289-4849-88DA-B9D9D417B168} = {F2E8985F-F289-4849-88DA-B9D9D417B168}
		{FD13EB83-1471-4B59-9FCE-75AB804A0A3F} = {FD13EB83-1471-4B59-9FCE-75AB804A0A3F}
		{DF55B984-7E5E-447C-9D68-D93F9FB0C227} = {DF55B984-7E5E-447C-9D68-D93F9FB0C227}
		{3ADE8D8F-3708-43C7-B88D-E77AA96BFAF5} = {3ADE8D8F-3708-43C7-B88D-E77AA96BFAF5}
		{295D0CA4-AB32-4523-9CC5-AC99E3E48F8A} = {295D0CA4-AB32-4523-9CC5-AC99E3E48F8A}
		{A92DA3A7-612C-440A-A84C-F3C8A3E4D85A} = {A92DA3A7-612C-440A-A84C-F3C8A3E4D85A}
		{569111CC-D436-46E5-BE9E-32B1BAD1B950} = {569111CC-D436-46E5-BE9E-32B1BAD1B950}
		{F3DD69F8-A732-429C-BDF6-3D0F93D3DC75} = {F3DD69F8-A732-429C-BDF6-3D0F93D3DC75}
	EndProjectSection
EndProject
Project("{FAE04EC0-301F-11D3-BF4B-00C04F79EFBC}") = "iLynx.Chatter.NHibernateModule", "iLynx.Chatter.NHibernateModule\iLynx.Chatter.NHibernateModule.csproj", "{E4945414-F5FE-46FA-A5FE-D00D7A067F21}"
EndProject
Project("{FAE04EC0-301F-11D3-BF4B-00C04F79EFBC}") = "iLynx.Chatter.BroadcastMessaging", "iLynx.Chatter.BroadcastMessaging\iLynx.Chatter.BroadcastMessaging.csproj", "{3ADE8D8F-3708-43C7-B88D-E77AA96BFAF5}"
EndProject
Project("{FAE04EC0-301F-11D3-BF4B-00C04F79EFBC}") = "iLynx.Chatter.ServerServicesModule", "iLynx.Chatter.ServerServicesModule\iLynx.Chatter.ServerServicesModule.csproj", "{56057B48-A342-4EDC-8F03-3C339B4B8DB2}"
EndProject
Project("{FAE04EC0-301F-11D3-BF4B-00C04F79EFBC}") = "iLynx.Chatter.ClientServicesModule", "iLynx.Chatter.ClientServicesModule\iLynx.Chatter.ClientServicesModule.csproj", "{295D0CA4-AB32-4523-9CC5-AC99E3E48F8A}"
EndProject
Project("{FAE04EC0-301F-11D3-BF4B-00C04F79EFBC}") = "iLynx.Chatter.WPF", "iLynx.Chatter.WPF\iLynx.Chatter.WPF.csproj", "{E488D852-E94C-472E-AB74-DC0E9B5C42B7}"
EndProject
Project("{2150E333-8FDC-42A3-9474-1A3956D46DE8}") = ".nuget", ".nuget", "{94A3D730-5067-4E7D-9790-D9B7EF867498}"
	ProjectSection(SolutionItems) = preProject
		.nuget\NuGet.Config = .nuget\NuGet.Config
		.nuget\NuGet.exe = .nuget\NuGet.exe
		.nuget\NuGet.targets = .nuget\NuGet.targets
	EndProjectSection
EndProject
Project("{FAE04EC0-301F-11D3-BF4B-00C04F79EFBC}") = "iLynx.Serialization", "iLynx.Serialization\iLynx.Serialization.csproj", "{86100C1F-B2C4-4231-BFD4-F16DBC60E174}"
EndProject
Project("{FAE04EC0-301F-11D3-BF4B-00C04F79EFBC}") = "iLynx.Configuration", "iLynx.Configuration\iLynx.Configuration.csproj", "{A92DA3A7-612C-440A-A84C-F3C8A3E4D85A}"
EndProject
Project("{FAE04EC0-301F-11D3-BF4B-00C04F79EFBC}") = "iLynx.Xml", "iLynx.Xml\iLynx.Xml.csproj", "{2158BFA1-B755-4613-A9B3-A8CD95FBB5FB}"
EndProject
Project("{2150E333-8FDC-42A3-9474-1A3956D46DE8}") = "External", "External", "{FC1FF322-5322-4EB2-BF52-E9AC858FD589}"
EndProject
Project("{FAE04EC0-301F-11D3-BF4B-00C04F79EFBC}") = "SkeinFish", "External\SkeinFish\SkeinFish.csproj", "{F7C81EDE-7E55-4EAA-93FE-72885698E138}"
EndProject
Project("{FAE04EC0-301F-11D3-BF4B-00C04F79EFBC}") = "iLynx.Threading", "iLynx.Threading\iLynx.Threading.csproj", "{907D4C5B-FE3A-4364-B0B0-4DBDF1FCEF4F}"
EndProject
Global
	GlobalSection(SolutionConfigurationPlatforms) = preSolution
		Debug|Any CPU = Debug|Any CPU
		Debug|x64 = Debug|x64
		Debug|x86 = Debug|x86
		Release|Any CPU = Release|Any CPU
		Release|x64 = Release|x64
		Release|x86 = Release|x86
	EndGlobalSection
	GlobalSection(ProjectConfigurationPlatforms) = postSolution
		{1241AC19-9872-4126-8915-3A34919E1705}.Debug|Any CPU.ActiveCfg = Debug|Any CPU
		{1241AC19-9872-4126-8915-3A34919E1705}.Debug|Any CPU.Build.0 = Debug|Any CPU
		{1241AC19-9872-4126-8915-3A34919E1705}.Debug|x64.ActiveCfg = Debug|x64
		{1241AC19-9872-4126-8915-3A34919E1705}.Debug|x64.Build.0 = Debug|x64
		{1241AC19-9872-4126-8915-3A34919E1705}.Debug|x86.ActiveCfg = Debug|x86
		{1241AC19-9872-4126-8915-3A34919E1705}.Debug|x86.Build.0 = Debug|x86
		{1241AC19-9872-4126-8915-3A34919E1705}.Release|Any CPU.ActiveCfg = Release|Any CPU
		{1241AC19-9872-4126-8915-3A34919E1705}.Release|Any CPU.Build.0 = Release|Any CPU
		{1241AC19-9872-4126-8915-3A34919E1705}.Release|x64.ActiveCfg = Release|x64
		{1241AC19-9872-4126-8915-3A34919E1705}.Release|x64.Build.0 = Release|x64
		{1241AC19-9872-4126-8915-3A34919E1705}.Release|x86.ActiveCfg = Release|x86
		{1241AC19-9872-4126-8915-3A34919E1705}.Release|x86.Build.0 = Release|x86
		{569111CC-D436-46E5-BE9E-32B1BAD1B950}.Debug|Any CPU.ActiveCfg = Debug|Any CPU
		{569111CC-D436-46E5-BE9E-32B1BAD1B950}.Debug|Any CPU.Build.0 = Debug|Any CPU
		{569111CC-D436-46E5-BE9E-32B1BAD1B950}.Debug|x64.ActiveCfg = Debug|x64
		{569111CC-D436-46E5-BE9E-32B1BAD1B950}.Debug|x64.Build.0 = Debug|x64
		{569111CC-D436-46E5-BE9E-32B1BAD1B950}.Debug|x86.ActiveCfg = Debug|x86
		{569111CC-D436-46E5-BE9E-32B1BAD1B950}.Debug|x86.Build.0 = Debug|x86
		{569111CC-D436-46E5-BE9E-32B1BAD1B950}.Release|Any CPU.ActiveCfg = Release|Any CPU
		{569111CC-D436-46E5-BE9E-32B1BAD1B950}.Release|Any CPU.Build.0 = Release|Any CPU
		{569111CC-D436-46E5-BE9E-32B1BAD1B950}.Release|x64.ActiveCfg = Release|x64
		{569111CC-D436-46E5-BE9E-32B1BAD1B950}.Release|x64.Build.0 = Release|x64
		{569111CC-D436-46E5-BE9E-32B1BAD1B950}.Release|x86.ActiveCfg = Release|x86
		{569111CC-D436-46E5-BE9E-32B1BAD1B950}.Release|x86.Build.0 = Release|x86
		{B36EEA40-2004-40D0-A1A9-59647B54DC70}.Debug|Any CPU.ActiveCfg = Debug|Any CPU
		{B36EEA40-2004-40D0-A1A9-59647B54DC70}.Debug|Any CPU.Build.0 = Debug|Any CPU
		{B36EEA40-2004-40D0-A1A9-59647B54DC70}.Debug|x64.ActiveCfg = Debug|x64
		{B36EEA40-2004-40D0-A1A9-59647B54DC70}.Debug|x64.Build.0 = Debug|x64
		{B36EEA40-2004-40D0-A1A9-59647B54DC70}.Debug|x86.ActiveCfg = Debug|x86
		{B36EEA40-2004-40D0-A1A9-59647B54DC70}.Debug|x86.Build.0 = Debug|x86
		{B36EEA40-2004-40D0-A1A9-59647B54DC70}.Release|Any CPU.ActiveCfg = Release|Any CPU
		{B36EEA40-2004-40D0-A1A9-59647B54DC70}.Release|Any CPU.Build.0 = Release|Any CPU
		{B36EEA40-2004-40D0-A1A9-59647B54DC70}.Release|x64.ActiveCfg = Release|x64
		{B36EEA40-2004-40D0-A1A9-59647B54DC70}.Release|x64.Build.0 = Release|x64
		{B36EEA40-2004-40D0-A1A9-59647B54DC70}.Release|x86.ActiveCfg = Release|x86
		{B36EEA40-2004-40D0-A1A9-59647B54DC70}.Release|x86.Build.0 = Release|x86
		{FD13EB83-1471-4B59-9FCE-75AB804A0A3F}.Debug|Any CPU.ActiveCfg = Debug|Any CPU
		{FD13EB83-1471-4B59-9FCE-75AB804A0A3F}.Debug|Any CPU.Build.0 = Debug|Any CPU
		{FD13EB83-1471-4B59-9FCE-75AB804A0A3F}.Debug|x64.ActiveCfg = Debug|Any CPU
		{FD13EB83-1471-4B59-9FCE-75AB804A0A3F}.Debug|x86.ActiveCfg = Debug|Any CPU
		{FD13EB83-1471-4B59-9FCE-75AB804A0A3F}.Release|Any CPU.ActiveCfg = Release|Any CPU
		{FD13EB83-1471-4B59-9FCE-75AB804A0A3F}.Release|Any CPU.Build.0 = Release|Any CPU
		{FD13EB83-1471-4B59-9FCE-75AB804A0A3F}.Release|x64.ActiveCfg = Release|Any CPU
		{FD13EB83-1471-4B59-9FCE-75AB804A0A3F}.Release|x86.ActiveCfg = Release|Any CPU
		{DF55B984-7E5E-447C-9D68-D93F9FB0C227}.Debug|Any CPU.ActiveCfg = Debug|Any CPU
		{DF55B984-7E5E-447C-9D68-D93F9FB0C227}.Debug|Any CPU.Build.0 = Debug|Any CPU
		{DF55B984-7E5E-447C-9D68-D93F9FB0C227}.Debug|x64.ActiveCfg = Debug|Any CPU
		{DF55B984-7E5E-447C-9D68-D93F9FB0C227}.Debug|x86.ActiveCfg = Debug|Any CPU
		{DF55B984-7E5E-447C-9D68-D93F9FB0C227}.Release|Any CPU.ActiveCfg = Release|Any CPU
		{DF55B984-7E5E-447C-9D68-D93F9FB0C227}.Release|Any CPU.Build.0 = Release|Any CPU
		{DF55B984-7E5E-447C-9D68-D93F9FB0C227}.Release|x64.ActiveCfg = Release|Any CPU
		{DF55B984-7E5E-447C-9D68-D93F9FB0C227}.Release|x86.ActiveCfg = Release|Any CPU
		{ED0CB42A-7D74-4AE4-99FE-6EDC3B8C4143}.Debug|Any CPU.ActiveCfg = Debug|Any CPU
		{ED0CB42A-7D74-4AE4-99FE-6EDC3B8C4143}.Debug|Any CPU.Build.0 = Debug|Any CPU
		{ED0CB42A-7D74-4AE4-99FE-6EDC3B8C4143}.Debug|x64.ActiveCfg = Debug|Any CPU
		{ED0CB42A-7D74-4AE4-99FE-6EDC3B8C4143}.Debug|x86.ActiveCfg = Debug|Any CPU
		{ED0CB42A-7D74-4AE4-99FE-6EDC3B8C4143}.Release|Any CPU.ActiveCfg = Release|Any CPU
		{ED0CB42A-7D74-4AE4-99FE-6EDC3B8C4143}.Release|Any CPU.Build.0 = Release|Any CPU
		{ED0CB42A-7D74-4AE4-99FE-6EDC3B8C4143}.Release|x64.ActiveCfg = Release|Any CPU
		{ED0CB42A-7D74-4AE4-99FE-6EDC3B8C4143}.Release|x86.ActiveCfg = Release|Any CPU
		{F3DD69F8-A732-429C-BDF6-3D0F93D3DC75}.Debug|Any CPU.ActiveCfg = Debug|Any CPU
		{F3DD69F8-A732-429C-BDF6-3D0F93D3DC75}.Debug|Any CPU.Build.0 = Debug|Any CPU
		{F3DD69F8-A732-429C-BDF6-3D0F93D3DC75}.Debug|x64.ActiveCfg = Debug|Any CPU
		{F3DD69F8-A732-429C-BDF6-3D0F93D3DC75}.Debug|x86.ActiveCfg = Debug|Any CPU
		{F3DD69F8-A732-429C-BDF6-3D0F93D3DC75}.Release|Any CPU.ActiveCfg = Release|Any CPU
		{F3DD69F8-A732-429C-BDF6-3D0F93D3DC75}.Release|Any CPU.Build.0 = Release|Any CPU
		{F3DD69F8-A732-429C-BDF6-3D0F93D3DC75}.Release|x64.ActiveCfg = Release|Any CPU
		{F3DD69F8-A732-429C-BDF6-3D0F93D3DC75}.Release|x86.ActiveCfg = Release|Any CPU
		{54DDF932-AE22-4EE0-A261-97D800E959B8}.Debug|Any CPU.ActiveCfg = Debug|Any CPU
		{54DDF932-AE22-4EE0-A261-97D800E959B8}.Debug|Any CPU.Build.0 = Debug|Any CPU
		{54DDF932-AE22-4EE0-A261-97D800E959B8}.Debug|x64.ActiveCfg = Debug|Any CPU
		{54DDF932-AE22-4EE0-A261-97D800E959B8}.Debug|x86.ActiveCfg = Debug|Any CPU
		{54DDF932-AE22-4EE0-A261-97D800E959B8}.Release|Any CPU.ActiveCfg = Release|Any CPU
		{54DDF932-AE22-4EE0-A261-97D800E959B8}.Release|Any CPU.Build.0 = Release|Any CPU
		{54DDF932-AE22-4EE0-A261-97D800E959B8}.Release|x64.ActiveCfg = Release|Any CPU
		{54DDF932-AE22-4EE0-A261-97D800E959B8}.Release|x86.ActiveCfg = Release|Any CPU
		{F2E8985F-F289-4849-88DA-B9D9D417B168}.Debug|Any CPU.ActiveCfg = Debug|Any CPU
		{F2E8985F-F289-4849-88DA-B9D9D417B168}.Debug|Any CPU.Build.0 = Debug|Any CPU
		{F2E8985F-F289-4849-88DA-B9D9D417B168}.Debug|x64.ActiveCfg = Debug|Any CPU
		{F2E8985F-F289-4849-88DA-B9D9D417B168}.Debug|x86.ActiveCfg = Debug|Any CPU
		{F2E8985F-F289-4849-88DA-B9D9D417B168}.Release|Any CPU.ActiveCfg = Release|Any CPU
		{F2E8985F-F289-4849-88DA-B9D9D417B168}.Release|Any CPU.Build.0 = Release|Any CPU
		{F2E8985F-F289-4849-88DA-B9D9D417B168}.Release|x64.ActiveCfg = Release|Any CPU
		{F2E8985F-F289-4849-88DA-B9D9D417B168}.Release|x86.ActiveCfg = Release|Any CPU
		{15870CDC-8294-43C8-BA39-88E1B3A5C6C1}.Debug|Any CPU.ActiveCfg = Debug|Any CPU
		{15870CDC-8294-43C8-BA39-88E1B3A5C6C1}.Debug|Any CPU.Build.0 = Debug|Any CPU
		{15870CDC-8294-43C8-BA39-88E1B3A5C6C1}.Debug|x64.ActiveCfg = Debug|Any CPU
		{15870CDC-8294-43C8-BA39-88E1B3A5C6C1}.Debug|x86.ActiveCfg = Debug|Any CPU
		{15870CDC-8294-43C8-BA39-88E1B3A5C6C1}.Release|Any CPU.ActiveCfg = Release|Any CPU
		{15870CDC-8294-43C8-BA39-88E1B3A5C6C1}.Release|Any CPU.Build.0 = Release|Any CPU
		{15870CDC-8294-43C8-BA39-88E1B3A5C6C1}.Release|x64.ActiveCfg = Release|Any CPU
		{15870CDC-8294-43C8-BA39-88E1B3A5C6C1}.Release|x86.ActiveCfg = Release|Any CPU
		{E4945414-F5FE-46FA-A5FE-D00D7A067F21}.Debug|Any CPU.ActiveCfg = Debug|Any CPU
		{E4945414-F5FE-46FA-A5FE-D00D7A067F21}.Debug|Any CPU.Build.0 = Debug|Any CPU
		{E4945414-F5FE-46FA-A5FE-D00D7A067F21}.Debug|x64.ActiveCfg = Debug|Any CPU
		{E4945414-F5FE-46FA-A5FE-D00D7A067F21}.Debug|x86.ActiveCfg = Debug|Any CPU
		{E4945414-F5FE-46FA-A5FE-D00D7A067F21}.Release|Any CPU.ActiveCfg = Release|Any CPU
		{E4945414-F5FE-46FA-A5FE-D00D7A067F21}.Release|Any CPU.Build.0 = Release|Any CPU
		{E4945414-F5FE-46FA-A5FE-D00D7A067F21}.Release|x64.ActiveCfg = Release|Any CPU
		{E4945414-F5FE-46FA-A5FE-D00D7A067F21}.Release|x86.ActiveCfg = Release|Any CPU
		{3ADE8D8F-3708-43C7-B88D-E77AA96BFAF5}.Debug|Any CPU.ActiveCfg = Debug|Any CPU
		{3ADE8D8F-3708-43C7-B88D-E77AA96BFAF5}.Debug|Any CPU.Build.0 = Debug|Any CPU
		{3ADE8D8F-3708-43C7-B88D-E77AA96BFAF5}.Debug|x64.ActiveCfg = Debug|Any CPU
		{3ADE8D8F-3708-43C7-B88D-E77AA96BFAF5}.Debug|x86.ActiveCfg = Debug|Any CPU
		{3ADE8D8F-3708-43C7-B88D-E77AA96BFAF5}.Release|Any CPU.ActiveCfg = Release|Any CPU
		{3ADE8D8F-3708-43C7-B88D-E77AA96BFAF5}.Release|Any CPU.Build.0 = Release|Any CPU
		{3ADE8D8F-3708-43C7-B88D-E77AA96BFAF5}.Release|x64.ActiveCfg = Release|Any CPU
		{3ADE8D8F-3708-43C7-B88D-E77AA96BFAF5}.Release|x86.ActiveCfg = Release|Any CPU
		{56057B48-A342-4EDC-8F03-3C339B4B8DB2}.Debug|Any CPU.ActiveCfg = Debug|Any CPU
		{56057B48-A342-4EDC-8F03-3C339B4B8DB2}.Debug|Any CPU.Build.0 = Debug|Any CPU
		{56057B48-A342-4EDC-8F03-3C339B4B8DB2}.Debug|x64.ActiveCfg = Debug|Any CPU
		{56057B48-A342-4EDC-8F03-3C339B4B8DB2}.Debug|x86.ActiveCfg = Debug|Any CPU
		{56057B48-A342-4EDC-8F03-3C339B4B8DB2}.Release|Any CPU.ActiveCfg = Release|Any CPU
		{56057B48-A342-4EDC-8F03-3C339B4B8DB2}.Release|Any CPU.Build.0 = Release|Any CPU
		{56057B48-A342-4EDC-8F03-3C339B4B8DB2}.Release|x64.ActiveCfg = Release|Any CPU
		{56057B48-A342-4EDC-8F03-3C339B4B8DB2}.Release|x86.ActiveCfg = Release|Any CPU
		{295D0CA4-AB32-4523-9CC5-AC99E3E48F8A}.Debug|Any CPU.ActiveCfg = Debug|Any CPU
		{295D0CA4-AB32-4523-9CC5-AC99E3E48F8A}.Debug|Any CPU.Build.0 = Debug|Any CPU
		{295D0CA4-AB32-4523-9CC5-AC99E3E48F8A}.Debug|x64.ActiveCfg = Debug|Any CPU
		{295D0CA4-AB32-4523-9CC5-AC99E3E48F8A}.Debug|x86.ActiveCfg = Debug|Any CPU
		{295D0CA4-AB32-4523-9CC5-AC99E3E48F8A}.Release|Any CPU.ActiveCfg = Release|Any CPU
		{295D0CA4-AB32-4523-9CC5-AC99E3E48F8A}.Release|Any CPU.Build.0 = Release|Any CPU
		{295D0CA4-AB32-4523-9CC5-AC99E3E48F8A}.Release|x64.ActiveCfg = Release|Any CPU
		{295D0CA4-AB32-4523-9CC5-AC99E3E48F8A}.Release|x86.ActiveCfg = Release|Any CPU
		{E488D852-E94C-472E-AB74-DC0E9B5C42B7}.Debug|Any CPU.ActiveCfg = Debug|Any CPU
		{E488D852-E94C-472E-AB74-DC0E9B5C42B7}.Debug|Any CPU.Build.0 = Debug|Any CPU
		{E488D852-E94C-472E-AB74-DC0E9B5C42B7}.Debug|x64.ActiveCfg = Debug|Any CPU
		{E488D852-E94C-472E-AB74-DC0E9B5C42B7}.Debug|x86.ActiveCfg = Debug|Any CPU
		{E488D852-E94C-472E-AB74-DC0E9B5C42B7}.Release|Any CPU.ActiveCfg = Release|Any CPU
		{E488D852-E94C-472E-AB74-DC0E9B5C42B7}.Release|Any CPU.Build.0 = Release|Any CPU
		{E488D852-E94C-472E-AB74-DC0E9B5C42B7}.Release|x64.ActiveCfg = Release|Any CPU
		{E488D852-E94C-472E-AB74-DC0E9B5C42B7}.Release|x86.ActiveCfg = Release|Any CPU
		{86100C1F-B2C4-4231-BFD4-F16DBC60E174}.Debug|Any CPU.ActiveCfg = Debug|Any CPU
		{86100C1F-B2C4-4231-BFD4-F16DBC60E174}.Debug|Any CPU.Build.0 = Debug|Any CPU
		{86100C1F-B2C4-4231-BFD4-F16DBC60E174}.Debug|x64.ActiveCfg = Debug|Any CPU
		{86100C1F-B2C4-4231-BFD4-F16DBC60E174}.Debug|x86.ActiveCfg = Debug|Any CPU
		{86100C1F-B2C4-4231-BFD4-F16DBC60E174}.Release|Any CPU.ActiveCfg = Release|Any CPU
		{86100C1F-B2C4-4231-BFD4-F16DBC60E174}.Release|Any CPU.Build.0 = Release|Any CPU
		{86100C1F-B2C4-4231-BFD4-F16DBC60E174}.Release|x64.ActiveCfg = Release|Any CPU
		{86100C1F-B2C4-4231-BFD4-F16DBC60E174}.Release|x86.ActiveCfg = Release|Any CPU
		{A92DA3A7-612C-440A-A84C-F3C8A3E4D85A}.Debug|Any CPU.ActiveCfg = Debug|Any CPU
		{A92DA3A7-612C-440A-A84C-F3C8A3E4D85A}.Debug|Any CPU.Build.0 = Debug|Any CPU
		{A92DA3A7-612C-440A-A84C-F3C8A3E4D85A}.Debug|x64.ActiveCfg = Debug|Any CPU
		{A92DA3A7-612C-440A-A84C-F3C8A3E4D85A}.Debug|x86.ActiveCfg = Debug|Any CPU
		{A92DA3A7-612C-440A-A84C-F3C8A3E4D85A}.Release|Any CPU.ActiveCfg = Release|Any CPU
		{A92DA3A7-612C-440A-A84C-F3C8A3E4D85A}.Release|Any CPU.Build.0 = Release|Any CPU
		{A92DA3A7-612C-440A-A84C-F3C8A3E4D85A}.Release|x64.ActiveCfg = Release|Any CPU
		{A92DA3A7-612C-440A-A84C-F3C8A3E4D85A}.Release|x86.ActiveCfg = Release|Any CPU
		{2158BFA1-B755-4613-A9B3-A8CD95FBB5FB}.Debug|Any CPU.ActiveCfg = Debug|Any CPU
		{2158BFA1-B755-4613-A9B3-A8CD95FBB5FB}.Debug|Any CPU.Build.0 = Debug|Any CPU
		{2158BFA1-B755-4613-A9B3-A8CD95FBB5FB}.Debug|x64.ActiveCfg = Debug|Any CPU
		{2158BFA1-B755-4613-A9B3-A8CD95FBB5FB}.Debug|x86.ActiveCfg = Debug|Any CPU
		{2158BFA1-B755-4613-A9B3-A8CD95FBB5FB}.Release|Any CPU.ActiveCfg = Release|Any CPU
		{2158BFA1-B755-4613-A9B3-A8CD95FBB5FB}.Release|Any CPU.Build.0 = Release|Any CPU
		{2158BFA1-B755-4613-A9B3-A8CD95FBB5FB}.Release|x64.ActiveCfg = Release|Any CPU
		{2158BFA1-B755-4613-A9B3-A8CD95FBB5FB}.Release|x86.ActiveCfg = Release|Any CPU
		{F7C81EDE-7E55-4EAA-93FE-72885698E138}.Debug|Any CPU.ActiveCfg = Debug|Any CPU
		{F7C81EDE-7E55-4EAA-93FE-72885698E138}.Debug|Any CPU.Build.0 = Debug|Any CPU
		{F7C81EDE-7E55-4EAA-93FE-72885698E138}.Debug|x64.ActiveCfg = Debug|Any CPU
		{F7C81EDE-7E55-4EAA-93FE-72885698E138}.Debug|x86.ActiveCfg = Debug|Any CPU
		{F7C81EDE-7E55-4EAA-93FE-72885698E138}.Release|Any CPU.ActiveCfg = Release|Any CPU
		{F7C81EDE-7E55-4EAA-93FE-72885698E138}.Release|Any CPU.Build.0 = Release|Any CPU
		{F7C81EDE-7E55-4EAA-93FE-72885698E138}.Release|x64.ActiveCfg = Release|Any CPU
		{F7C81EDE-7E55-4EAA-93FE-72885698E138}.Release|x86.ActiveCfg = Release|Any CPU
		{907D4C5B-FE3A-4364-B0B0-4DBDF1FCEF4F}.Debug|Any CPU.ActiveCfg = Debug|Any CPU
		{907D4C5B-FE3A-4364-B0B0-4DBDF1FCEF4F}.Debug|Any CPU.Build.0 = Debug|Any CPU
		{907D4C5B-FE3A-4364-B0B0-4DBDF1FCEF4F}.Debug|x64.ActiveCfg = Debug|Any CPU
		{907D4C5B-FE3A-4364-B0B0-4DBDF1FCEF4F}.Debug|x86.ActiveCfg = Debug|Any CPU
		{907D4C5B-FE3A-4364-B0B0-4DBDF1FCEF4F}.Release|Any CPU.ActiveCfg = Release|Any CPU
		{907D4C5B-FE3A-4364-B0B0-4DBDF1FCEF4F}.Release|Any CPU.Build.0 = Release|Any CPU
		{907D4C5B-FE3A-4364-B0B0-4DBDF1FCEF4F}.Release|x64.ActiveCfg = Release|Any CPU
		{907D4C5B-FE3A-4364-B0B0-4DBDF1FCEF4F}.Release|x86.ActiveCfg = Release|Any CPU
	EndGlobalSection
	GlobalSection(SolutionProperties) = preSolution
		HideSolutionNode = FALSE
	EndGlobalSection
	GlobalSection(NestedProjects) = preSolution
		{ED0CB42A-7D74-4AE4-99FE-6EDC3B8C4143} = {A1A937AE-7D1B-4B9E-BF65-4CF517523596}
		{F3DD69F8-A732-429C-BDF6-3D0F93D3DC75} = {A1A937AE-7D1B-4B9E-BF65-4CF517523596}
		{54DDF932-AE22-4EE0-A261-97D800E959B8} = {A1A937AE-7D1B-4B9E-BF65-4CF517523596}
		{F2E8985F-F289-4849-88DA-B9D9D417B168} = {A1A937AE-7D1B-4B9E-BF65-4CF517523596}
		{E4945414-F5FE-46FA-A5FE-D00D7A067F21} = {A1A937AE-7D1B-4B9E-BF65-4CF517523596}
		{3ADE8D8F-3708-43C7-B88D-E77AA96BFAF5} = {A1A937AE-7D1B-4B9E-BF65-4CF517523596}
		{56057B48-A342-4EDC-8F03-3C339B4B8DB2} = {A1A937AE-7D1B-4B9E-BF65-4CF517523596}
		{295D0CA4-AB32-4523-9CC5-AC99E3E48F8A} = {A1A937AE-7D1B-4B9E-BF65-4CF517523596}
		{E488D852-E94C-472E-AB74-DC0E9B5C42B7} = {A1A937AE-7D1B-4B9E-BF65-4CF517523596}
		{FC1FF322-5322-4EB2-BF52-E9AC858FD589} = {A1A937AE-7D1B-4B9E-BF65-4CF517523596}
		{F7C81EDE-7E55-4EAA-93FE-72885698E138} = {FC1FF322-5322-4EB2-BF52-E9AC858FD589}
	EndGlobalSection
EndGlobal
