
Microsoft Visual Studio Solution File, Format Version 12.00
# Visual Studio 15
VisualStudioVersion = 15.0.27703.2018
MinimumVisualStudioVersion = 10.0.40219.1
Project("{FAE04EC0-301F-11D3-BF4B-00C04F79EFBC}") = "iLynx.Common", "iLynx.Common\iLynx.Common.csproj", "{1241AC19-9872-4126-8915-3A34919E1705}"
EndProject
Project("{FAE04EC0-301F-11D3-BF4B-00C04F79EFBC}") = "iLynx.Common.WPF", "iLynx.Common.WPF\iLynx.Common.WPF.csproj", "{569111CC-D436-46E5-BE9E-32B1BAD1B950}"
EndProject
Project("{FAE04EC0-301F-11D3-BF4B-00C04F79EFBC}") = "iLynx.TestBench", "iLynx.TestBench\iLynx.TestBench.csproj", "{B36EEA40-2004-40D0-A1A9-59647B54DC70}"
EndProject
Project("{FAE04EC0-301F-11D3-BF4B-00C04F79EFBC}") = "iLynx.Networking", "iLynx.Networking\iLynx.Networking.csproj", "{FD13EB83-1471-4B59-9FCE-75AB804A0A3F}"
EndProject
Project("{FAE04EC0-301F-11D3-BF4B-00C04F79EFBC}") = "iLynx.PubSub", "iLynx.PubSub\iLynx.PubSub.csproj", "{DF55B984-7E5E-447C-9D68-D93F9FB0C227}"
EndProject
Project("{FAE04EC0-301F-11D3-BF4B-00C04F79EFBC}") = "iLynx.Tests", "iLynx.Tests\iLynx.Tests.csproj", "{15870CDC-8294-43C8-BA39-88E1B3A5C6C1}"
	ProjectSection(ProjectDependencies) = postProject
		{B36EEA40-2004-40D0-A1A9-59647B54DC70} = {B36EEA40-2004-40D0-A1A9-59647B54DC70}
		{FD13EB83-1471-4B59-9FCE-75AB804A0A3F} = {FD13EB83-1471-4B59-9FCE-75AB804A0A3F}
		{DF55B984-7E5E-447C-9D68-D93F9FB0C227} = {DF55B984-7E5E-447C-9D68-D93F9FB0C227}
		{A92DA3A7-612C-440A-A84C-F3C8A3E4D85A} = {A92DA3A7-612C-440A-A84C-F3C8A3E4D85A}
		{569111CC-D436-46E5-BE9E-32B1BAD1B950} = {569111CC-D436-46E5-BE9E-32B1BAD1B950}
	EndProjectSection
EndProject
Project("{2150E333-8FDC-42A3-9474-1A3956D46DE8}") = ".nuget", ".nuget", "{94A3D730-5067-4E7D-9790-D9B7EF867498}"
	ProjectSection(SolutionItems) = preProject
		.nuget\NuGet.Config = .nuget\NuGet.Config
		.nuget\NuGet.exe = .nuget\NuGet.exe
		.nuget\NuGet.targets = .nuget\NuGet.targets
	EndProjectSection
EndProject
Project("{FAE04EC0-301F-11D3-BF4B-00C04F79EFBC}") = "iLynx.Serialization", "iLynx.Serialization\iLynx.Serialization.csproj", "{86100C1F-B2C4-4231-BFD4-F16DBC60E174}"
EndProject
Project("{FAE04EC0-301F-11D3-BF4B-00C04F79EFBC}") = "iLynx.Configuration", "iLynx.Configuration\iLynx.Configuration.csproj", "{A92DA3A7-612C-440A-A84C-F3C8A3E4D85A}"
EndProject
Project("{FAE04EC0-301F-11D3-BF4B-00C04F79EFBC}") = "iLynx.Threading", "iLynx.Threading\iLynx.Threading.csproj", "{907D4C5B-FE3A-4364-B0B0-4DBDF1FCEF4F}"
EndProject
Project("{2150E333-8FDC-42A3-9474-1A3956D46DE8}") = "Projects", "Projects", "{E4E4540B-1CC5-4526-A4FC-D4410D6D5D41}"
EndProject
Project("{9A19103F-16F7-4668-BE54-9A1E7A4F7556}") = "iLynx.UI", "iLynx.UI\iLynx.UI.csproj", "{24E2AFB9-AEDB-4859-A916-A844A42E9A46}"
EndProject
Project("{FAE04EC0-301F-11D3-BF4B-00C04F79EFBC}") = "iLynx.UI.TestBench", "iLynx.UI.TestBench\iLynx.UI.TestBench.csproj", "{6D4D9851-512C-40B3-9306-30155F1698E8}"
EndProject
Global
	GlobalSection(SolutionConfigurationPlatforms) = preSolution
		Debug|Any CPU = Debug|Any CPU
		Debug|x64 = Debug|x64
		Debug|x86 = Debug|x86
		Release|Any CPU = Release|Any CPU
		Release|x64 = Release|x64
		Release|x86 = Release|x86
	EndGlobalSection
	GlobalSection(ProjectConfigurationPlatforms) = postSolution
		{1241AC19-9872-4126-8915-3A34919E1705}.Debug|Any CPU.ActiveCfg = Debug|Any CPU
		{1241AC19-9872-4126-8915-3A34919E1705}.Debug|Any CPU.Build.0 = Debug|Any CPU
		{1241AC19-9872-4126-8915-3A34919E1705}.Debug|x64.ActiveCfg = Debug|x64
		{1241AC19-9872-4126-8915-3A34919E1705}.Debug|x64.Build.0 = Debug|x64
		{1241AC19-9872-4126-8915-3A34919E1705}.Debug|x86.ActiveCfg = Debug|x86
		{1241AC19-9872-4126-8915-3A34919E1705}.Debug|x86.Build.0 = Debug|x86
		{1241AC19-9872-4126-8915-3A34919E1705}.Release|Any CPU.ActiveCfg = Release|Any CPU
		{1241AC19-9872-4126-8915-3A34919E1705}.Release|Any CPU.Build.0 = Release|Any CPU
		{1241AC19-9872-4126-8915-3A34919E1705}.Release|x64.ActiveCfg = Release|x64
		{1241AC19-9872-4126-8915-3A34919E1705}.Release|x64.Build.0 = Release|x64
		{1241AC19-9872-4126-8915-3A34919E1705}.Release|x86.ActiveCfg = Release|x86
		{1241AC19-9872-4126-8915-3A34919E1705}.Release|x86.Build.0 = Release|x86
		{569111CC-D436-46E5-BE9E-32B1BAD1B950}.Debug|Any CPU.ActiveCfg = Debug|Any CPU
		{569111CC-D436-46E5-BE9E-32B1BAD1B950}.Debug|Any CPU.Build.0 = Debug|Any CPU
		{569111CC-D436-46E5-BE9E-32B1BAD1B950}.Debug|x64.ActiveCfg = Debug|x64
		{569111CC-D436-46E5-BE9E-32B1BAD1B950}.Debug|x64.Build.0 = Debug|x64
		{569111CC-D436-46E5-BE9E-32B1BAD1B950}.Debug|x86.ActiveCfg = Debug|x86
		{569111CC-D436-46E5-BE9E-32B1BAD1B950}.Debug|x86.Build.0 = Debug|x86
		{569111CC-D436-46E5-BE9E-32B1BAD1B950}.Release|Any CPU.ActiveCfg = Release|Any CPU
		{569111CC-D436-46E5-BE9E-32B1BAD1B950}.Release|Any CPU.Build.0 = Release|Any CPU
		{569111CC-D436-46E5-BE9E-32B1BAD1B950}.Release|x64.ActiveCfg = Release|x64
		{569111CC-D436-46E5-BE9E-32B1BAD1B950}.Release|x64.Build.0 = Release|x64
		{569111CC-D436-46E5-BE9E-32B1BAD1B950}.Release|x86.ActiveCfg = Release|x86
		{569111CC-D436-46E5-BE9E-32B1BAD1B950}.Release|x86.Build.0 = Release|x86
		{B36EEA40-2004-40D0-A1A9-59647B54DC70}.Debug|Any CPU.ActiveCfg = Debug|Any CPU
		{B36EEA40-2004-40D0-A1A9-59647B54DC70}.Debug|Any CPU.Build.0 = Debug|Any CPU
		{B36EEA40-2004-40D0-A1A9-59647B54DC70}.Debug|x64.ActiveCfg = Debug|x64
		{B36EEA40-2004-40D0-A1A9-59647B54DC70}.Debug|x64.Build.0 = Debug|x64
		{B36EEA40-2004-40D0-A1A9-59647B54DC70}.Debug|x86.ActiveCfg = Debug|x86
		{B36EEA40-2004-40D0-A1A9-59647B54DC70}.Debug|x86.Build.0 = Debug|x86
		{B36EEA40-2004-40D0-A1A9-59647B54DC70}.Release|Any CPU.ActiveCfg = Release|Any CPU
		{B36EEA40-2004-40D0-A1A9-59647B54DC70}.Release|Any CPU.Build.0 = Release|Any CPU
		{B36EEA40-2004-40D0-A1A9-59647B54DC70}.Release|x64.ActiveCfg = Release|x64
		{B36EEA40-2004-40D0-A1A9-59647B54DC70}.Release|x64.Build.0 = Release|x64
		{B36EEA40-2004-40D0-A1A9-59647B54DC70}.Release|x86.ActiveCfg = Release|x86
		{B36EEA40-2004-40D0-A1A9-59647B54DC70}.Release|x86.Build.0 = Release|x86
		{FD13EB83-1471-4B59-9FCE-75AB804A0A3F}.Debug|Any CPU.ActiveCfg = Debug|Any CPU
		{FD13EB83-1471-4B59-9FCE-75AB804A0A3F}.Debug|Any CPU.Build.0 = Debug|Any CPU
		{FD13EB83-1471-4B59-9FCE-75AB804A0A3F}.Debug|x64.ActiveCfg = Debug|Any CPU
		{FD13EB83-1471-4B59-9FCE-75AB804A0A3F}.Debug|x86.ActiveCfg = Debug|Any CPU
		{FD13EB83-1471-4B59-9FCE-75AB804A0A3F}.Release|Any CPU.ActiveCfg = Release|Any CPU
		{FD13EB83-1471-4B59-9FCE-75AB804A0A3F}.Release|Any CPU.Build.0 = Release|Any CPU
		{FD13EB83-1471-4B59-9FCE-75AB804A0A3F}.Release|x64.ActiveCfg = Release|x64
		{FD13EB83-1471-4B59-9FCE-75AB804A0A3F}.Release|x64.Build.0 = Release|x64
		{FD13EB83-1471-4B59-9FCE-75AB804A0A3F}.Release|x86.ActiveCfg = Release|x86
		{FD13EB83-1471-4B59-9FCE-75AB804A0A3F}.Release|x86.Build.0 = Release|x86
		{DF55B984-7E5E-447C-9D68-D93F9FB0C227}.Debug|Any CPU.ActiveCfg = Debug|Any CPU
		{DF55B984-7E5E-447C-9D68-D93F9FB0C227}.Debug|Any CPU.Build.0 = Debug|Any CPU
		{DF55B984-7E5E-447C-9D68-D93F9FB0C227}.Debug|x64.ActiveCfg = Debug|Any CPU
		{DF55B984-7E5E-447C-9D68-D93F9FB0C227}.Debug|x86.ActiveCfg = Debug|Any CPU
		{DF55B984-7E5E-447C-9D68-D93F9FB0C227}.Release|Any CPU.ActiveCfg = Release|Any CPU
		{DF55B984-7E5E-447C-9D68-D93F9FB0C227}.Release|Any CPU.Build.0 = Release|Any CPU
		{DF55B984-7E5E-447C-9D68-D93F9FB0C227}.Release|x64.ActiveCfg = Release|x64
		{DF55B984-7E5E-447C-9D68-D93F9FB0C227}.Release|x64.Build.0 = Release|x64
		{DF55B984-7E5E-447C-9D68-D93F9FB0C227}.Release|x86.ActiveCfg = Release|x86
		{DF55B984-7E5E-447C-9D68-D93F9FB0C227}.Release|x86.Build.0 = Release|x86
		{15870CDC-8294-43C8-BA39-88E1B3A5C6C1}.Debug|Any CPU.ActiveCfg = Debug|Any CPU
		{15870CDC-8294-43C8-BA39-88E1B3A5C6C1}.Debug|Any CPU.Build.0 = Debug|Any CPU
		{15870CDC-8294-43C8-BA39-88E1B3A5C6C1}.Debug|x64.ActiveCfg = Debug|Any CPU
		{15870CDC-8294-43C8-BA39-88E1B3A5C6C1}.Debug|x86.ActiveCfg = Debug|Any CPU
		{15870CDC-8294-43C8-BA39-88E1B3A5C6C1}.Release|Any CPU.ActiveCfg = Release|Any CPU
		{15870CDC-8294-43C8-BA39-88E1B3A5C6C1}.Release|Any CPU.Build.0 = Release|Any CPU
		{15870CDC-8294-43C8-BA39-88E1B3A5C6C1}.Release|x64.ActiveCfg = Release|x64
		{15870CDC-8294-43C8-BA39-88E1B3A5C6C1}.Release|x64.Build.0 = Release|x64
		{15870CDC-8294-43C8-BA39-88E1B3A5C6C1}.Release|x86.ActiveCfg = Release|x86
		{15870CDC-8294-43C8-BA39-88E1B3A5C6C1}.Release|x86.Build.0 = Release|x86
		{86100C1F-B2C4-4231-BFD4-F16DBC60E174}.Debug|Any CPU.ActiveCfg = Debug|Any CPU
		{86100C1F-B2C4-4231-BFD4-F16DBC60E174}.Debug|Any CPU.Build.0 = Debug|Any CPU
		{86100C1F-B2C4-4231-BFD4-F16DBC60E174}.Debug|x64.ActiveCfg = Debug|Any CPU
		{86100C1F-B2C4-4231-BFD4-F16DBC60E174}.Debug|x86.ActiveCfg = Debug|Any CPU
		{86100C1F-B2C4-4231-BFD4-F16DBC60E174}.Release|Any CPU.ActiveCfg = Release|Any CPU
		{86100C1F-B2C4-4231-BFD4-F16DBC60E174}.Release|Any CPU.Build.0 = Release|Any CPU
		{86100C1F-B2C4-4231-BFD4-F16DBC60E174}.Release|x64.ActiveCfg = Release|x64
		{86100C1F-B2C4-4231-BFD4-F16DBC60E174}.Release|x64.Build.0 = Release|x64
		{86100C1F-B2C4-4231-BFD4-F16DBC60E174}.Release|x86.ActiveCfg = Release|x86
		{86100C1F-B2C4-4231-BFD4-F16DBC60E174}.Release|x86.Build.0 = Release|x86
		{A92DA3A7-612C-440A-A84C-F3C8A3E4D85A}.Debug|Any CPU.ActiveCfg = Debug|Any CPU
		{A92DA3A7-612C-440A-A84C-F3C8A3E4D85A}.Debug|Any CPU.Build.0 = Debug|Any CPU
		{A92DA3A7-612C-440A-A84C-F3C8A3E4D85A}.Debug|x64.ActiveCfg = Debug|Any CPU
		{A92DA3A7-612C-440A-A84C-F3C8A3E4D85A}.Debug|x86.ActiveCfg = Debug|Any CPU
		{A92DA3A7-612C-440A-A84C-F3C8A3E4D85A}.Release|Any CPU.ActiveCfg = Release|Any CPU
		{A92DA3A7-612C-440A-A84C-F3C8A3E4D85A}.Release|Any CPU.Build.0 = Release|Any CPU
		{A92DA3A7-612C-440A-A84C-F3C8A3E4D85A}.Release|x64.ActiveCfg = Release|x64
		{A92DA3A7-612C-440A-A84C-F3C8A3E4D85A}.Release|x64.Build.0 = Release|x64
		{A92DA3A7-612C-440A-A84C-F3C8A3E4D85A}.Release|x86.ActiveCfg = Release|x86
		{A92DA3A7-612C-440A-A84C-F3C8A3E4D85A}.Release|x86.Build.0 = Release|x86
		{907D4C5B-FE3A-4364-B0B0-4DBDF1FCEF4F}.Debug|Any CPU.ActiveCfg = Debug|Any CPU
		{907D4C5B-FE3A-4364-B0B0-4DBDF1FCEF4F}.Debug|Any CPU.Build.0 = Debug|Any CPU
		{907D4C5B-FE3A-4364-B0B0-4DBDF1FCEF4F}.Debug|x64.ActiveCfg = Debug|Any CPU
		{907D4C5B-FE3A-4364-B0B0-4DBDF1FCEF4F}.Debug|x86.ActiveCfg = Debug|Any CPU
		{907D4C5B-FE3A-4364-B0B0-4DBDF1FCEF4F}.Release|Any CPU.ActiveCfg = Release|Any CPU
		{907D4C5B-FE3A-4364-B0B0-4DBDF1FCEF4F}.Release|Any CPU.Build.0 = Release|Any CPU
		{907D4C5B-FE3A-4364-B0B0-4DBDF1FCEF4F}.Release|x64.ActiveCfg = Release|x64
		{907D4C5B-FE3A-4364-B0B0-4DBDF1FCEF4F}.Release|x64.Build.0 = Release|x64
		{907D4C5B-FE3A-4364-B0B0-4DBDF1FCEF4F}.Release|x86.ActiveCfg = Release|x86
		{907D4C5B-FE3A-4364-B0B0-4DBDF1FCEF4F}.Release|x86.Build.0 = Release|x86
		{24E2AFB9-AEDB-4859-A916-A844A42E9A46}.Debug|Any CPU.ActiveCfg = Debug|Any CPU
		{24E2AFB9-AEDB-4859-A916-A844A42E9A46}.Debug|Any CPU.Build.0 = Debug|Any CPU
		{24E2AFB9-AEDB-4859-A916-A844A42E9A46}.Debug|x64.ActiveCfg = Debug|Any CPU
		{24E2AFB9-AEDB-4859-A916-A844A42E9A46}.Debug|x64.Build.0 = Debug|Any CPU
		{24E2AFB9-AEDB-4859-A916-A844A42E9A46}.Debug|x86.ActiveCfg = Debug|Any CPU
		{24E2AFB9-AEDB-4859-A916-A844A42E9A46}.Debug|x86.Build.0 = Debug|Any CPU
		{24E2AFB9-AEDB-4859-A916-A844A42E9A46}.Release|Any CPU.ActiveCfg = Release|Any CPU
		{24E2AFB9-AEDB-4859-A916-A844A42E9A46}.Release|Any CPU.Build.0 = Release|Any CPU
		{24E2AFB9-AEDB-4859-A916-A844A42E9A46}.Release|x64.ActiveCfg = Release|Any CPU
		{24E2AFB9-AEDB-4859-A916-A844A42E9A46}.Release|x64.Build.0 = Release|Any CPU
		{24E2AFB9-AEDB-4859-A916-A844A42E9A46}.Release|x86.ActiveCfg = Release|Any CPU
		{24E2AFB9-AEDB-4859-A916-A844A42E9A46}.Release|x86.Build.0 = Release|Any CPU
		{6D4D9851-512C-40B3-9306-30155F1698E8}.Debug|Any CPU.ActiveCfg = Debug|Any CPU
		{6D4D9851-512C-40B3-9306-30155F1698E8}.Debug|Any CPU.Build.0 = Debug|Any CPU
		{6D4D9851-512C-40B3-9306-30155F1698E8}.Debug|x64.ActiveCfg = Debug|Any CPU
		{6D4D9851-512C-40B3-9306-30155F1698E8}.Debug|x64.Build.0 = Debug|Any CPU
		{6D4D9851-512C-40B3-9306-30155F1698E8}.Debug|x86.ActiveCfg = Debug|Any CPU
		{6D4D9851-512C-40B3-9306-30155F1698E8}.Debug|x86.Build.0 = Debug|Any CPU
		{6D4D9851-512C-40B3-9306-30155F1698E8}.Release|Any CPU.ActiveCfg = Release|Any CPU
		{6D4D9851-512C-40B3-9306-30155F1698E8}.Release|Any CPU.Build.0 = Release|Any CPU
		{6D4D9851-512C-40B3-9306-30155F1698E8}.Release|x64.ActiveCfg = Release|Any CPU
		{6D4D9851-512C-40B3-9306-30155F1698E8}.Release|x64.Build.0 = Release|Any CPU
		{6D4D9851-512C-40B3-9306-30155F1698E8}.Release|x86.ActiveCfg = Release|Any CPU
		{6D4D9851-512C-40B3-9306-30155F1698E8}.Release|x86.Build.0 = Release|Any CPU
	EndGlobalSection
	GlobalSection(SolutionProperties) = preSolution
		HideSolutionNode = FALSE
	EndGlobalSection
	GlobalSection(NestedProjects) = preSolution
		{24E2AFB9-AEDB-4859-A916-A844A42E9A46} = {E4E4540B-1CC5-4526-A4FC-D4410D6D5D41}
		{6D4D9851-512C-40B3-9306-30155F1698E8} = {E4E4540B-1CC5-4526-A4FC-D4410D6D5D41}
	EndGlobalSection
	GlobalSection(ExtensibilityGlobals) = postSolution
		SolutionGuid = {55302D1B-0E90-4714-8673-43F1BE415058}
	EndGlobalSection
EndGlobal
